PODS:
  - GPUImageWithMoltenGL (1.0.9):
    - MoltenGL (~> 0.23.1)
  - MoltenGL (0.23.1)

DEPENDENCIES:
  - GPUImageWithMoltenGL (~> 1.0.9)
  - MoltenGL (~> 0.23.1)

SPEC REPOS:
  https://github.com/cocoapods/specs.git:
    - GPUImageWithMoltenGL
    - MoltenGL

SPEC CHECKSUMS:
  GPUImageWithMoltenGL: c5c156e030699f1477eb9861d99fe8dd7715160b
  MoltenGL: 10258b81827725f5861f530bf7dc0ef8a645c226

PODFILE CHECKSUM: 6a919ad79ab2b4cb1534e773f0481137d92c5bbd

COCOAPODS: 1.1.1
